// !$*UTF8*$!
{
	archiveVersion = 1;
	classes = {
	};
	objectVersion = 46;
	objects = {

/* Begin PBXBuildFile section */
		653C20E01A2CBE43002A9AE2 /* main.cpp in Sources */ = {isa = PBXBuildFile; fileRef = 653C20DF1A2CBE43002A9AE2 /* main.cpp */; };
/* End PBXBuildFile section */

/* Begin PBXCopyFilesBuildPhase section */
		653C20DA1A2CBE43002A9AE2 /* CopyFiles */ = {
			isa = PBXCopyFilesBuildPhase;
			buildActionMask = 2147483647;
			dstPath = /usr/share/man/man1/;
			dstSubfolderSpec = 0;
			files = (
			);
			runOnlyForDeploymentPostprocessing = 1;
		};
/* End PBXCopyFilesBuildPhase section */

/* Begin PBXFileReference section */
		653C20DC1A2CBE43002A9AE2 /* ppppppp */ = {isa = PBXFileReference; explicitFileType = "compiled.mach-o.executable"; includeInIndex = 0; path = ppppppp; sourceTree = BUILT_PRODUCTS_DIR; };
		653C20DF1A2CBE43002A9AE2 /* main.cpp */ = {isa = PBXFileReference; lastKnownFileType = sourcecode.cpp.cpp; path = main.cpp; sourceTree = "<group>"; };
/* End PBXFileReference section */

/* Begin PBXFrameworksBuildPhase section */
		653C20D91A2CBE43002A9AE2 /* Frameworks */ = {
			isa = PBXFrameworksBuildPhase;
			buildActionMask = 2147483647;
			files = (
			);
			runOnlyForDeploymentPostprocessing = 0;
		};
/* End PBXFrameworksBuildPhase section */

/* Begin PBXGroup section */
		653C20D31A2CBE43002A9AE2 = {
			isa = PBXGroup;
			children = (
				653C20DE1A2CBE43002A9AE2 /* ppppppp */,
				653C20DD1A2CBE43002A9AE2 /* Products */,
			);
			sourceTree = "<group>";
		};
		653C20DD1A2CBE43002A9AE2 /* Products */ = {
			isa = PBXGroup;
			children = (
				653C20DC1A2CBE43002A9AE2 /* ppppppp */,
			);
			name = Products;
			sourceTree = "<group>";
		};
		653C20DE1A2CBE43002A9AE2 /* ppppppp */ = {
			isa = PBXGroup;
			children = (
				653C20DF1A2CBE43002A9AE2 /* main.cpp */,
			);
			path = ppppppp;
			sourceTree = "<group>";
		};
/* End PBXGroup section */

/* Begin PBXNativeTarget section */
		653C20DB1A2CBE43002A9AE2 /* ppppppp */ = {
			isa = PBXNativeTarget;
			buildConfigurationList = 653C20E31A2CBE43002A9AE2 /* Build configuration list for PBXNativeTarget "ppppppp" */;
			buildPhases = (
				653C20D81A2CBE43002A9AE2 /* Sources */,
				653C20D91A2CBE43002A9AE2 /* Frameworks */,
				653C20DA1A2CBE43002A9AE2 /* CopyFiles */,
			);
			buildRules = (
			);
			dependencies = (
			);
			name = ppppppp;
			productName = ppppppp;
			productReference = 653C20DC1A2CBE43002A9AE2 /* ppppppp */;
			productType = "com.apple.product-type.tool";
		};
/* End PBXNativeTarget section */

/* Begin PBXProject section */
		653C20D41A2CBE43002A9AE2 /* Project object */ = {
			isa = PBXProject;
			attributes = {
				LastUpgradeCheck = 0610;
				ORGANIZATIONNAME = Gotomo;
				TargetAttributes = {
					653C20DB1A2CBE43002A9AE2 = {
						CreatedOnToolsVersion = 6.1;
					};
				};
			};
			buildConfigurationList = 653C20D71A2CBE43002A9AE2 /* Build configuration list for PBXProject "ppppppp" */;
			compatibilityVersion = "Xcode 3.2";
			developmentRegion = English;
			hasScannedForEncodings = 0;
			knownRegions = (
				en,
			);
			mainGroup = 653C20D31A2CBE43002A9AE2;
			productRefGroup = 653C20DD1A2CBE43002A9AE2 /* Products */;
			projectDirPath = "";
			projectRoot = "";
			targets = (
				653C20DB1A2CBE43002A9AE2 /* ppppppp */,
			);
		};
/* End PBXProject section */

/* Begin PBXSourcesBuildPhase section */
		653C20D81A2CBE43002A9AE2 /* Sources */ = {
			isa = PBXSourcesBuildPhase;
			buildActionMask = 2147483647;
			files = (
				653C20E01A2CBE43002A9AE2 /* main.cpp in Sources */,
			);
			runOnlyForDeploymentPostprocessing = 0;
		};
/* End PBXSourcesBuildPhase section */

/* Begin XCBuildConfiguration section */
		653C20E11A2CBE43002A9AE2 /* Debug */ = {
			isa = XCBuildConfiguration;
			buildSettings = {
				ALWAYS_SEARCH_USER_PATHS = NO;
				CLANG_CXX_LANGUAGE_STANDARD = "gnu++0x";
				CLANG_CXX_LIBRARY = "libc++";
				CLANG_ENABLE_MODULES = YES;
				CLANG_ENABLE_OBJC_ARC = YES;
				CLANG_WARN_BOOL_CONVERSION = YES;
				CLANG_WARN_CONSTANT_CONVERSION = YES;
				CLANG_WARN_DIRECT_OBJC_ISA_USAGE = YES_ERROR;
				CLANG_WARN_EMPTY_BODY = YES;
				CLANG_WARN_ENUM_CONVERSION = YES;
				CLANG_WARN_INT_CONVERSION = YES;
				CLANG_WARN_OBJC_ROOT_CLASS = YES_ERROR;
				CLANG_WARN_UNREACHABLE_CODE = YES;
				CLANG_WARN__DUPLICATE_METHOD_MATCH = YES;
				COPY_PHASE_STRIP = NO;
				ENABLE_STRICT_OBJC_MSGSEND = YES;
				GCC_C_LANGUAGE_STANDARD = gnu99;
				GCC_DYNAMIC_NO_PIC = NO;
				GCC_OPTIMIZATION_LEVEL = 0;
				GCC_PREPROCESSOR_DEFINITIONS = (
					"DEBUG=1",
					"$(inherited)",
				);
				GCC_SYMBOLS_PRIVATE_EXTERN = NO;
				GCC_WARN_64_TO_32_BIT_CONVERSION = YES;
				GCC_WARN_ABOUT_RETURN_TYPE = YES_ERROR;
				GCC_WARN_UNDECLARED_SELECTOR = YES;
				GCC_WARN_UNINITIALIZED_AUTOS = YES_AGGRESSIVE;
				GCC_WARN_UNUSED_FUNCTION = YES;
				GCC_WARN_UNUSED_VARIABLE = YES;
				MACOSX_DEPLOYMENT_TARGET = 10.10;
				MTL_ENABLE_DEBUG_INFO = YES;
				ONLY_ACTIVE_ARCH = YES;
				SDKROOT = macosx;
			};
			name = Debug;
		};
		653C20E21A2CBE43002A9AE2 /* Release */ = {
			isa = XCBuildConfiguration;
			buildSettings = {
				ALWAYS_SEARCH_USER_PATHS = NO;
				CLANG_CXX_LANGUAGE_STANDARD = "gnu++0x";
				CLANG_CXX_LIBRARY = "libc++";
				CLANG_ENABLE_MODULES = YES;
				CLANG_ENABLE_OBJC_ARC = YES;
				CLANG_WARN_BOOL_CONVERSION = YES;
				CLANG_WARN_CONSTANT_CONVERSION = YES;
				CLANG_WARN_DIRECT_OBJC_ISA_USAGE = YES_ERROR;
				CLANG_WARN_EMPTY_BODY = YES;
				CLANG_WARN_ENUM_CONVERSION = YES;
				CLANG_WARN_INT_CONVERSION = YES;
				CLANG_WARN_OBJC_ROOT_CLASS = YES_ERROR;
				CLANG_WARN_UNREACHABLE_CODE = YES;
				CLANG_WARN__DUPLICATE_METHOD_MATCH = YES;
				COPY_PHASE_STRIP = YES;
				DEBUG_INFORMATION_FORMAT = "dwarf-with-dsym";
				ENABLE_NS_ASSERTIONS = NO;
				ENABLE_STRICT_OBJC_MSGSEND = YES;
				GCC_C_LANGUAGE_STANDARD = gnu99;
				GCC_WARN_64_TO_32_BIT_CONVERSION = YES;
				GCC_WARN_ABOUT_RETURN_TYPE = YES_ERROR;
				GCC_WARN_UNDECLARED_SELECTOR = YES;
				GCC_WARN_UNINITIALIZED_AUTOS = YES_AGGRESSIVE;
				GCC_WARN_UNUSED_FUNCTION = YES;
				GCC_WARN_UNUSED_VARIABLE = YES;
				MACOSX_DEPLOYMENT_TARGET = 10.10;
				MTL_ENABLE_DEBUG_INFO = NO;
				SDKROOT = macosx;
			};
			name = Release;
		};
		653C20E41A2CBE43002A9AE2 /* Debug */ = {
			isa = XCBuildConfiguration;
			buildSettings = {
				PRODUCT_NAME = "$(TARGET_NAME)";
			};
			name = Debug;
		};
		653C20E51A2CBE43002A9AE2 /* Release */ = {
			isa = XCBuildConfiguration;
			buildSettings = {
				PRODUCT_NAME = "$(TARGET_NAME)";
			};
			name = Release;
		};
/* End XCBuildConfiguration section */

/* Begin XCConfigurationList section */
		653C20D71A2CBE43002A9AE2 /* Build configuration list for PBXProject "ppppppp" */ = {
			isa = XCConfigurationList;
			buildConfigurations = (
				653C20E11A2CBE43002A9AE2 /* Debug */,
				653C20E21A2CBE43002A9AE2 /* Release */,
			);
			defaultConfigurationIsVisible = 0;
			defaultConfigurationName = Release;
		};
		653C20E31A2CBE43002A9AE2 /* Build configuration list for PBXNativeTarget "ppppppp" */ = {
			isa = XCConfigurationList;
			buildConfigurations = (
				653C20E41A2CBE43002A9AE2 /* Debug */,
				653C20E51A2CBE43002A9AE2 /* Release */,
			);
			defaultConfigurationIsVisible = 0;
		};
/* End XCConfigurationList section */
	};
	rootObject = 653C20D41A2CBE43002A9AE2 /* Project object */;
}
