// !$*UTF8*$!
{
	archiveVersion = 1;
	classes = {
	};
	objectVersion = 46;
	objects = {

/* Begin PBXBuildFile section */
		65C8F4FC19E4509400AFA5E4 /* main.cpp in Sources */ = {isa = PBXBuildFile; fileRef = 65C8F4FB19E4509400AFA5E4 /* main.cpp */; };
		65C8F50419E452D100AFA5E4 /* ListaEnlazada.cpp in Sources */ = {isa = PBXBuildFile; fileRef = 65C8F50219E452D100AFA5E4 /* ListaEnlazada.cpp */; };
		65C8F50719E452E000AFA5E4 /* Nodo.cpp in Sources */ = {isa = PBXBuildFile; fileRef = 65C8F50519E452E000AFA5E4 /* Nodo.cpp */; };
		65C8F50A19E452FD00AFA5E4 /* Persona.cpp in Sources */ = {isa = PBXBuildFile; fileRef = 65C8F50819E452FD00AFA5E4 /* Persona.cpp */; };
/* End PBXBuildFile section */

/* Begin PBXCopyFilesBuildPhase section */
		65C8F4F619E4509400AFA5E4 /* CopyFiles */ = {
			isa = PBXCopyFilesBuildPhase;
			buildActionMask = 2147483647;
			dstPath = /usr/share/man/man1/;
			dstSubfolderSpec = 0;
			files = (
			);
			runOnlyForDeploymentPostprocessing = 1;
		};
/* End PBXCopyFilesBuildPhase section */

/* Begin PBXFileReference section */
		65C8F4F819E4509400AFA5E4 /* Tarea3Ejercicio3 */ = {isa = PBXFileReference; explicitFileType = "compiled.mach-o.executable"; includeInIndex = 0; path = Tarea3Ejercicio3; sourceTree = BUILT_PRODUCTS_DIR; };
		65C8F4FB19E4509400AFA5E4 /* main.cpp */ = {isa = PBXFileReference; lastKnownFileType = sourcecode.cpp.cpp; path = main.cpp; sourceTree = "<group>"; };
		65C8F50219E452D100AFA5E4 /* ListaEnlazada.cpp */ = {isa = PBXFileReference; fileEncoding = 4; lastKnownFileType = sourcecode.cpp.cpp; path = ListaEnlazada.cpp; sourceTree = "<group>"; };
		65C8F50319E452D100AFA5E4 /* ListaEnlazada.h */ = {isa = PBXFileReference; fileEncoding = 4; lastKnownFileType = sourcecode.c.h; path = ListaEnlazada.h; sourceTree = "<group>"; };
		65C8F50519E452E000AFA5E4 /* Nodo.cpp */ = {isa = PBXFileReference; fileEncoding = 4; lastKnownFileType = sourcecode.cpp.cpp; path = Nodo.cpp; sourceTree = "<group>"; };
		65C8F50619E452E000AFA5E4 /* Nodo.h */ = {isa = PBXFileReference; fileEncoding = 4; lastKnownFileType = sourcecode.c.h; path = Nodo.h; sourceTree = "<group>"; };
		65C8F50819E452FD00AFA5E4 /* Persona.cpp */ = {isa = PBXFileReference; fileEncoding = 4; lastKnownFileType = sourcecode.cpp.cpp; path = Persona.cpp; sourceTree = "<group>"; };
		65C8F50919E452FD00AFA5E4 /* Persona.h */ = {isa = PBXFileReference; fileEncoding = 4; lastKnownFileType = sourcecode.c.h; path = Persona.h; sourceTree = "<group>"; };
/* End PBXFileReference section */

/* Begin PBXFrameworksBuildPhase section */
		65C8F4F519E4509400AFA5E4 /* Frameworks */ = {
			isa = PBXFrameworksBuildPhase;
			buildActionMask = 2147483647;
			files = (
			);
			runOnlyForDeploymentPostprocessing = 0;
		};
/* End PBXFrameworksBuildPhase section */

/* Begin PBXGroup section */
		65C8F4EF19E4509400AFA5E4 = {
			isa = PBXGroup;
			children = (
				65C8F4FA19E4509400AFA5E4 /* Tarea3Ejercicio3 */,
				65C8F4F919E4509400AFA5E4 /* Products */,
			);
			sourceTree = "<group>";
		};
		65C8F4F919E4509400AFA5E4 /* Products */ = {
			isa = PBXGroup;
			children = (
				65C8F4F819E4509400AFA5E4 /* Tarea3Ejercicio3 */,
			);
			name = Products;
			sourceTree = "<group>";
		};
		65C8F4FA19E4509400AFA5E4 /* Tarea3Ejercicio3 */ = {
			isa = PBXGroup;
			children = (
				65C8F4FB19E4509400AFA5E4 /* main.cpp */,
				65C8F50219E452D100AFA5E4 /* ListaEnlazada.cpp */,
				65C8F50319E452D100AFA5E4 /* ListaEnlazada.h */,
				65C8F50519E452E000AFA5E4 /* Nodo.cpp */,
				65C8F50619E452E000AFA5E4 /* Nodo.h */,
				65C8F50819E452FD00AFA5E4 /* Persona.cpp */,
				65C8F50919E452FD00AFA5E4 /* Persona.h */,
			);
			path = Tarea3Ejercicio3;
			sourceTree = "<group>";
		};
/* End PBXGroup section */

/* Begin PBXNativeTarget section */
		65C8F4F719E4509400AFA5E4 /* Tarea3Ejercicio3 */ = {
			isa = PBXNativeTarget;
			buildConfigurationList = 65C8F4FF19E4509400AFA5E4 /* Build configuration list for PBXNativeTarget "Tarea3Ejercicio3" */;
			buildPhases = (
				65C8F4F419E4509400AFA5E4 /* Sources */,
				65C8F4F519E4509400AFA5E4 /* Frameworks */,
				65C8F4F619E4509400AFA5E4 /* CopyFiles */,
			);
			buildRules = (
			);
			dependencies = (
			);
			name = Tarea3Ejercicio3;
			productName = Tarea3Ejercicio3;
			productReference = 65C8F4F819E4509400AFA5E4 /* Tarea3Ejercicio3 */;
			productType = "com.apple.product-type.tool";
		};
/* End PBXNativeTarget section */

/* Begin PBXProject section */
		65C8F4F019E4509400AFA5E4 /* Project object */ = {
			isa = PBXProject;
			attributes = {
				LastUpgradeCheck = 0600;
				ORGANIZATIONNAME = Gotomo;
				TargetAttributes = {
					65C8F4F719E4509400AFA5E4 = {
						CreatedOnToolsVersion = 6.0.1;
					};
				};
			};
			buildConfigurationList = 65C8F4F319E4509400AFA5E4 /* Build configuration list for PBXProject "Tarea3Ejercicio3" */;
			compatibilityVersion = "Xcode 3.2";
			developmentRegion = English;
			hasScannedForEncodings = 0;
			knownRegions = (
				en,
			);
			mainGroup = 65C8F4EF19E4509400AFA5E4;
			productRefGroup = 65C8F4F919E4509400AFA5E4 /* Products */;
			projectDirPath = "";
			projectRoot = "";
			targets = (
				65C8F4F719E4509400AFA5E4 /* Tarea3Ejercicio3 */,
			);
		};
/* End PBXProject section */

/* Begin PBXSourcesBuildPhase section */
		65C8F4F419E4509400AFA5E4 /* Sources */ = {
			isa = PBXSourcesBuildPhase;
			buildActionMask = 2147483647;
			files = (
				65C8F50A19E452FD00AFA5E4 /* Persona.cpp in Sources */,
				65C8F50719E452E000AFA5E4 /* Nodo.cpp in Sources */,
				65C8F4FC19E4509400AFA5E4 /* main.cpp in Sources */,
				65C8F50419E452D100AFA5E4 /* ListaEnlazada.cpp in Sources */,
			);
			runOnlyForDeploymentPostprocessing = 0;
		};
/* End PBXSourcesBuildPhase section */

/* Begin XCBuildConfiguration section */
		65C8F4FD19E4509400AFA5E4 /* Debug */ = {
			isa = XCBuildConfiguration;
			buildSettings = {
				ALWAYS_SEARCH_USER_PATHS = NO;
				CLANG_CXX_LANGUAGE_STANDARD = "gnu++0x";
				CLANG_CXX_LIBRARY = "libc++";
				CLANG_ENABLE_MODULES = YES;
				CLANG_ENABLE_OBJC_ARC = YES;
				CLANG_WARN_BOOL_CONVERSION = YES;
				CLANG_WARN_CONSTANT_CONVERSION = YES;
				CLANG_WARN_DIRECT_OBJC_ISA_USAGE = YES_ERROR;
				CLANG_WARN_EMPTY_BODY = YES;
				CLANG_WARN_ENUM_CONVERSION = YES;
				CLANG_WARN_INT_CONVERSION = YES;
				CLANG_WARN_OBJC_ROOT_CLASS = YES_ERROR;
				CLANG_WARN_UNREACHABLE_CODE = YES;
				CLANG_WARN__DUPLICATE_METHOD_MATCH = YES;
				COPY_PHASE_STRIP = NO;
				ENABLE_STRICT_OBJC_MSGSEND = YES;
				GCC_C_LANGUAGE_STANDARD = gnu99;
				GCC_DYNAMIC_NO_PIC = NO;
				GCC_OPTIMIZATION_LEVEL = 0;
				GCC_PREPROCESSOR_DEFINITIONS = (
					"DEBUG=1",
					"$(inherited)",
				);
				GCC_SYMBOLS_PRIVATE_EXTERN = NO;
				GCC_WARN_64_TO_32_BIT_CONVERSION = YES;
				GCC_WARN_ABOUT_RETURN_TYPE = YES_ERROR;
				GCC_WARN_UNDECLARED_SELECTOR = YES;
				GCC_WARN_UNINITIALIZED_AUTOS = YES_AGGRESSIVE;
				GCC_WARN_UNUSED_FUNCTION = YES;
				GCC_WARN_UNUSED_VARIABLE = YES;
				MACOSX_DEPLOYMENT_TARGET = 10.9;
				MTL_ENABLE_DEBUG_INFO = YES;
				ONLY_ACTIVE_ARCH = YES;
				SDKROOT = macosx;
			};
			name = Debug;
		};
		65C8F4FE19E4509400AFA5E4 /* Release */ = {
			isa = XCBuildConfiguration;
			buildSettings = {
				ALWAYS_SEARCH_USER_PATHS = NO;
				CLANG_CXX_LANGUAGE_STANDARD = "gnu++0x";
				CLANG_CXX_LIBRARY = "libc++";
				CLANG_ENABLE_MODULES = YES;
				CLANG_ENABLE_OBJC_ARC = YES;
				CLANG_WARN_BOOL_CONVERSION = YES;
				CLANG_WARN_CONSTANT_CONVERSION = YES;
				CLANG_WARN_DIRECT_OBJC_ISA_USAGE = YES_ERROR;
				CLANG_WARN_EMPTY_BODY = YES;
				CLANG_WARN_ENUM_CONVERSION = YES;
				CLANG_WARN_INT_CONVERSION = YES;
				CLANG_WARN_OBJC_ROOT_CLASS = YES_ERROR;
				CLANG_WARN_UNREACHABLE_CODE = YES;
				CLANG_WARN__DUPLICATE_METHOD_MATCH = YES;
				COPY_PHASE_STRIP = YES;
				DEBUG_INFORMATION_FORMAT = "dwarf-with-dsym";
				ENABLE_NS_ASSERTIONS = NO;
				ENABLE_STRICT_OBJC_MSGSEND = YES;
				GCC_C_LANGUAGE_STANDARD = gnu99;
				GCC_WARN_64_TO_32_BIT_CONVERSION = YES;
				GCC_WARN_ABOUT_RETURN_TYPE = YES_ERROR;
				GCC_WARN_UNDECLARED_SELECTOR = YES;
				GCC_WARN_UNINITIALIZED_AUTOS = YES_AGGRESSIVE;
				GCC_WARN_UNUSED_FUNCTION = YES;
				GCC_WARN_UNUSED_VARIABLE = YES;
				MACOSX_DEPLOYMENT_TARGET = 10.9;
				MTL_ENABLE_DEBUG_INFO = NO;
				SDKROOT = macosx;
			};
			name = Release;
		};
		65C8F50019E4509400AFA5E4 /* Debug */ = {
			isa = XCBuildConfiguration;
			buildSettings = {
				PRODUCT_NAME = "$(TARGET_NAME)";
			};
			name = Debug;
		};
		65C8F50119E4509400AFA5E4 /* Release */ = {
			isa = XCBuildConfiguration;
			buildSettings = {
				PRODUCT_NAME = "$(TARGET_NAME)";
			};
			name = Release;
		};
/* End XCBuildConfiguration section */

/* Begin XCConfigurationList section */
		65C8F4F319E4509400AFA5E4 /* Build configuration list for PBXProject "Tarea3Ejercicio3" */ = {
			isa = XCConfigurationList;
			buildConfigurations = (
				65C8F4FD19E4509400AFA5E4 /* Debug */,
				65C8F4FE19E4509400AFA5E4 /* Release */,
			);
			defaultConfigurationIsVisible = 0;
			defaultConfigurationName = Release;
		};
		65C8F4FF19E4509400AFA5E4 /* Build configuration list for PBXNativeTarget "Tarea3Ejercicio3" */ = {
			isa = XCConfigurationList;
			buildConfigurations = (
				65C8F50019E4509400AFA5E4 /* Debug */,
				65C8F50119E4509400AFA5E4 /* Release */,
			);
			defaultConfigurationIsVisible = 0;
		};
/* End XCConfigurationList section */
	};
	rootObject = 65C8F4F019E4509400AFA5E4 /* Project object */;
}
