// !$*UTF8*$!
{
	archiveVersion = 1;
	classes = {
	};
	objectVersion = 46;
	objects = {

/* Begin PBXBuildFile section */
		65F06FDA19E6B577001E0883 /* main.cpp in Sources */ = {isa = PBXBuildFile; fileRef = 65F06FD919E6B577001E0883 /* main.cpp */; };
		65F06FE219E6B585001E0883 /* Pila.cpp in Sources */ = {isa = PBXBuildFile; fileRef = 65F06FE019E6B585001E0883 /* Pila.cpp */; };
/* End PBXBuildFile section */

/* Begin PBXCopyFilesBuildPhase section */
		65F06FD419E6B577001E0883 /* CopyFiles */ = {
			isa = PBXCopyFilesBuildPhase;
			buildActionMask = 2147483647;
			dstPath = /usr/share/man/man1/;
			dstSubfolderSpec = 0;
			files = (
			);
			runOnlyForDeploymentPostprocessing = 1;
		};
/* End PBXCopyFilesBuildPhase section */

/* Begin PBXFileReference section */
		65F06FD619E6B577001E0883 /* Pila */ = {isa = PBXFileReference; explicitFileType = "compiled.mach-o.executable"; includeInIndex = 0; path = Pila; sourceTree = BUILT_PRODUCTS_DIR; };
		65F06FD919E6B577001E0883 /* main.cpp */ = {isa = PBXFileReference; lastKnownFileType = sourcecode.cpp.cpp; path = main.cpp; sourceTree = "<group>"; };
		65F06FE019E6B585001E0883 /* Pila.cpp */ = {isa = PBXFileReference; fileEncoding = 4; lastKnownFileType = sourcecode.cpp.cpp; path = Pila.cpp; sourceTree = "<group>"; };
		65F06FE119E6B585001E0883 /* Pila.h */ = {isa = PBXFileReference; fileEncoding = 4; lastKnownFileType = sourcecode.c.h; path = Pila.h; sourceTree = "<group>"; };
/* End PBXFileReference section */

/* Begin PBXFrameworksBuildPhase section */
		65F06FD319E6B577001E0883 /* Frameworks */ = {
			isa = PBXFrameworksBuildPhase;
			buildActionMask = 2147483647;
			files = (
			);
			runOnlyForDeploymentPostprocessing = 0;
		};
/* End PBXFrameworksBuildPhase section */

/* Begin PBXGroup section */
		65F06FCD19E6B577001E0883 = {
			isa = PBXGroup;
			children = (
				65F06FD819E6B577001E0883 /* Pila */,
				65F06FD719E6B577001E0883 /* Products */,
			);
			sourceTree = "<group>";
		};
		65F06FD719E6B577001E0883 /* Products */ = {
			isa = PBXGroup;
			children = (
				65F06FD619E6B577001E0883 /* Pila */,
			);
			name = Products;
			sourceTree = "<group>";
		};
		65F06FD819E6B577001E0883 /* Pila */ = {
			isa = PBXGroup;
			children = (
				65F06FD919E6B577001E0883 /* main.cpp */,
				65F06FE019E6B585001E0883 /* Pila.cpp */,
				65F06FE119E6B585001E0883 /* Pila.h */,
			);
			path = Pila;
			sourceTree = "<group>";
		};
/* End PBXGroup section */

/* Begin PBXNativeTarget section */
		65F06FD519E6B577001E0883 /* Pila */ = {
			isa = PBXNativeTarget;
			buildConfigurationList = 65F06FDD19E6B577001E0883 /* Build configuration list for PBXNativeTarget "Pila" */;
			buildPhases = (
				65F06FD219E6B577001E0883 /* Sources */,
				65F06FD319E6B577001E0883 /* Frameworks */,
				65F06FD419E6B577001E0883 /* CopyFiles */,
			);
			buildRules = (
			);
			dependencies = (
			);
			name = Pila;
			productName = Pila;
			productReference = 65F06FD619E6B577001E0883 /* Pila */;
			productType = "com.apple.product-type.tool";
		};
/* End PBXNativeTarget section */

/* Begin PBXProject section */
		65F06FCE19E6B577001E0883 /* Project object */ = {
			isa = PBXProject;
			attributes = {
				LastUpgradeCheck = 0600;
				ORGANIZATIONNAME = Gotomo;
				TargetAttributes = {
					65F06FD519E6B577001E0883 = {
						CreatedOnToolsVersion = 6.0.1;
					};
				};
			};
			buildConfigurationList = 65F06FD119E6B577001E0883 /* Build configuration list for PBXProject "Pila" */;
			compatibilityVersion = "Xcode 3.2";
			developmentRegion = English;
			hasScannedForEncodings = 0;
			knownRegions = (
				en,
			);
			mainGroup = 65F06FCD19E6B577001E0883;
			productRefGroup = 65F06FD719E6B577001E0883 /* Products */;
			projectDirPath = "";
			projectRoot = "";
			targets = (
				65F06FD519E6B577001E0883 /* Pila */,
			);
		};
/* End PBXProject section */

/* Begin PBXSourcesBuildPhase section */
		65F06FD219E6B577001E0883 /* Sources */ = {
			isa = PBXSourcesBuildPhase;
			buildActionMask = 2147483647;
			files = (
				65F06FDA19E6B577001E0883 /* main.cpp in Sources */,
				65F06FE219E6B585001E0883 /* Pila.cpp in Sources */,
			);
			runOnlyForDeploymentPostprocessing = 0;
		};
/* End PBXSourcesBuildPhase section */

/* Begin XCBuildConfiguration section */
		65F06FDB19E6B577001E0883 /* Debug */ = {
			isa = XCBuildConfiguration;
			buildSettings = {
				ALWAYS_SEARCH_USER_PATHS = NO;
				CLANG_CXX_LANGUAGE_STANDARD = "gnu++0x";
				CLANG_CXX_LIBRARY = "libc++";
				CLANG_ENABLE_MODULES = YES;
				CLANG_ENABLE_OBJC_ARC = YES;
				CLANG_WARN_BOOL_CONVERSION = YES;
				CLANG_WARN_CONSTANT_CONVERSION = YES;
				CLANG_WARN_DIRECT_OBJC_ISA_USAGE = YES_ERROR;
				CLANG_WARN_EMPTY_BODY = YES;
				CLANG_WARN_ENUM_CONVERSION = YES;
				CLANG_WARN_INT_CONVERSION = YES;
				CLANG_WARN_OBJC_ROOT_CLASS = YES_ERROR;
				CLANG_WARN_UNREACHABLE_CODE = YES;
				CLANG_WARN__DUPLICATE_METHOD_MATCH = YES;
				COPY_PHASE_STRIP = NO;
				ENABLE_STRICT_OBJC_MSGSEND = YES;
				GCC_C_LANGUAGE_STANDARD = gnu99;
				GCC_DYNAMIC_NO_PIC = NO;
				GCC_OPTIMIZATION_LEVEL = 0;
				GCC_PREPROCESSOR_DEFINITIONS = (
					"DEBUG=1",
					"$(inherited)",
				);
				GCC_SYMBOLS_PRIVATE_EXTERN = NO;
				GCC_WARN_64_TO_32_BIT_CONVERSION = YES;
				GCC_WARN_ABOUT_RETURN_TYPE = YES_ERROR;
				GCC_WARN_UNDECLARED_SELECTOR = YES;
				GCC_WARN_UNINITIALIZED_AUTOS = YES_AGGRESSIVE;
				GCC_WARN_UNUSED_FUNCTION = YES;
				GCC_WARN_UNUSED_VARIABLE = YES;
				MACOSX_DEPLOYMENT_TARGET = 10.9;
				MTL_ENABLE_DEBUG_INFO = YES;
				ONLY_ACTIVE_ARCH = YES;
				SDKROOT = macosx;
			};
			name = Debug;
		};
		65F06FDC19E6B577001E0883 /* Release */ = {
			isa = XCBuildConfiguration;
			buildSettings = {
				ALWAYS_SEARCH_USER_PATHS = NO;
				CLANG_CXX_LANGUAGE_STANDARD = "gnu++0x";
				CLANG_CXX_LIBRARY = "libc++";
				CLANG_ENABLE_MODULES = YES;
				CLANG_ENABLE_OBJC_ARC = YES;
				CLANG_WARN_BOOL_CONVERSION = YES;
				CLANG_WARN_CONSTANT_CONVERSION = YES;
				CLANG_WARN_DIRECT_OBJC_ISA_USAGE = YES_ERROR;
				CLANG_WARN_EMPTY_BODY = YES;
				CLANG_WARN_ENUM_CONVERSION = YES;
				CLANG_WARN_INT_CONVERSION = YES;
				CLANG_WARN_OBJC_ROOT_CLASS = YES_ERROR;
				CLANG_WARN_UNREACHABLE_CODE = YES;
				CLANG_WARN__DUPLICATE_METHOD_MATCH = YES;
				COPY_PHASE_STRIP = YES;
				DEBUG_INFORMATION_FORMAT = "dwarf-with-dsym";
				ENABLE_NS_ASSERTIONS = NO;
				ENABLE_STRICT_OBJC_MSGSEND = YES;
				GCC_C_LANGUAGE_STANDARD = gnu99;
				GCC_WARN_64_TO_32_BIT_CONVERSION = YES;
				GCC_WARN_ABOUT_RETURN_TYPE = YES_ERROR;
				GCC_WARN_UNDECLARED_SELECTOR = YES;
				GCC_WARN_UNINITIALIZED_AUTOS = YES_AGGRESSIVE;
				GCC_WARN_UNUSED_FUNCTION = YES;
				GCC_WARN_UNUSED_VARIABLE = YES;
				MACOSX_DEPLOYMENT_TARGET = 10.9;
				MTL_ENABLE_DEBUG_INFO = NO;
				SDKROOT = macosx;
			};
			name = Release;
		};
		65F06FDE19E6B577001E0883 /* Debug */ = {
			isa = XCBuildConfiguration;
			buildSettings = {
				PRODUCT_NAME = "$(TARGET_NAME)";
			};
			name = Debug;
		};
		65F06FDF19E6B577001E0883 /* Release */ = {
			isa = XCBuildConfiguration;
			buildSettings = {
				PRODUCT_NAME = "$(TARGET_NAME)";
			};
			name = Release;
		};
/* End XCBuildConfiguration section */

/* Begin XCConfigurationList section */
		65F06FD119E6B577001E0883 /* Build configuration list for PBXProject "Pila" */ = {
			isa = XCConfigurationList;
			buildConfigurations = (
				65F06FDB19E6B577001E0883 /* Debug */,
				65F06FDC19E6B577001E0883 /* Release */,
			);
			defaultConfigurationIsVisible = 0;
			defaultConfigurationName = Release;
		};
		65F06FDD19E6B577001E0883 /* Build configuration list for PBXNativeTarget "Pila" */ = {
			isa = XCConfigurationList;
			buildConfigurations = (
				65F06FDE19E6B577001E0883 /* Debug */,
				65F06FDF19E6B577001E0883 /* Release */,
			);
			defaultConfigurationIsVisible = 0;
			defaultConfigurationName = Release;
		};
/* End XCConfigurationList section */
	};
	rootObject = 65F06FCE19E6B577001E0883 /* Project object */;
}
