// !$*UTF8*$!
{
	archiveVersion = 1;
	classes = {
	};
	objectVersion = 46;
	objects = {

/* Begin PBXBuildFile section */
		650EED9719EFEF8600CFB662 /* main.cpp in Sources */ = {isa = PBXBuildFile; fileRef = 650EED9619EFEF8600CFB662 /* main.cpp */; };
		650EED9F19EFF27200CFB662 /* Pila.cpp in Sources */ = {isa = PBXBuildFile; fileRef = 650EED9D19EFF27200CFB662 /* Pila.cpp */; };
		650EEDA219EFF9ED00CFB662 /* Persona.cpp in Sources */ = {isa = PBXBuildFile; fileRef = 650EEDA019EFF9ED00CFB662 /* Persona.cpp */; };
		650EEDA519EFFA0000CFB662 /* Transaccion.cpp in Sources */ = {isa = PBXBuildFile; fileRef = 650EEDA319EFFA0000CFB662 /* Transaccion.cpp */; };
		650EEDA819EFFCC600CFB662 /* ListaEnlazada.cpp in Sources */ = {isa = PBXBuildFile; fileRef = 650EEDA619EFFCC600CFB662 /* ListaEnlazada.cpp */; };
		650EEDAB19EFFCD300CFB662 /* Nodo.cpp in Sources */ = {isa = PBXBuildFile; fileRef = 650EEDA919EFFCD300CFB662 /* Nodo.cpp */; };
		650EEDAE19EFFD0100CFB662 /* Cola.cpp in Sources */ = {isa = PBXBuildFile; fileRef = 650EEDAC19EFFD0100CFB662 /* Cola.cpp */; };
/* End PBXBuildFile section */

/* Begin PBXCopyFilesBuildPhase section */
		650EED9119EFEF8600CFB662 /* CopyFiles */ = {
			isa = PBXCopyFilesBuildPhase;
			buildActionMask = 2147483647;
			dstPath = /usr/share/man/man1/;
			dstSubfolderSpec = 0;
			files = (
			);
			runOnlyForDeploymentPostprocessing = 1;
		};
/* End PBXCopyFilesBuildPhase section */

/* Begin PBXFileReference section */
		650EED9319EFEF8600CFB662 /* ListasEjercicio1 */ = {isa = PBXFileReference; explicitFileType = "compiled.mach-o.executable"; includeInIndex = 0; path = ListasEjercicio1; sourceTree = BUILT_PRODUCTS_DIR; };
		650EED9619EFEF8600CFB662 /* main.cpp */ = {isa = PBXFileReference; lastKnownFileType = sourcecode.cpp.cpp; path = main.cpp; sourceTree = "<group>"; };
		650EED9D19EFF27200CFB662 /* Pila.cpp */ = {isa = PBXFileReference; fileEncoding = 4; lastKnownFileType = sourcecode.cpp.cpp; path = Pila.cpp; sourceTree = "<group>"; };
		650EED9E19EFF27200CFB662 /* Pila.h */ = {isa = PBXFileReference; fileEncoding = 4; lastKnownFileType = sourcecode.c.h; path = Pila.h; sourceTree = "<group>"; };
		650EEDA019EFF9ED00CFB662 /* Persona.cpp */ = {isa = PBXFileReference; fileEncoding = 4; lastKnownFileType = sourcecode.cpp.cpp; path = Persona.cpp; sourceTree = "<group>"; };
		650EEDA119EFF9ED00CFB662 /* Persona.h */ = {isa = PBXFileReference; fileEncoding = 4; lastKnownFileType = sourcecode.c.h; path = Persona.h; sourceTree = "<group>"; };
		650EEDA319EFFA0000CFB662 /* Transaccion.cpp */ = {isa = PBXFileReference; fileEncoding = 4; lastKnownFileType = sourcecode.cpp.cpp; path = Transaccion.cpp; sourceTree = "<group>"; };
		650EEDA419EFFA0000CFB662 /* Transaccion.h */ = {isa = PBXFileReference; fileEncoding = 4; lastKnownFileType = sourcecode.c.h; path = Transaccion.h; sourceTree = "<group>"; };
		650EEDA619EFFCC600CFB662 /* ListaEnlazada.cpp */ = {isa = PBXFileReference; fileEncoding = 4; lastKnownFileType = sourcecode.cpp.cpp; path = ListaEnlazada.cpp; sourceTree = "<group>"; };
		650EEDA719EFFCC600CFB662 /* ListaEnlazada.h */ = {isa = PBXFileReference; fileEncoding = 4; lastKnownFileType = sourcecode.c.h; path = ListaEnlazada.h; sourceTree = "<group>"; };
		650EEDA919EFFCD300CFB662 /* Nodo.cpp */ = {isa = PBXFileReference; fileEncoding = 4; lastKnownFileType = sourcecode.cpp.cpp; path = Nodo.cpp; sourceTree = "<group>"; };
		650EEDAA19EFFCD300CFB662 /* Nodo.h */ = {isa = PBXFileReference; fileEncoding = 4; lastKnownFileType = sourcecode.c.h; path = Nodo.h; sourceTree = "<group>"; };
		650EEDAC19EFFD0100CFB662 /* Cola.cpp */ = {isa = PBXFileReference; fileEncoding = 4; lastKnownFileType = sourcecode.cpp.cpp; path = Cola.cpp; sourceTree = "<group>"; };
		650EEDAD19EFFD0100CFB662 /* Cola.h */ = {isa = PBXFileReference; fileEncoding = 4; lastKnownFileType = sourcecode.c.h; path = Cola.h; sourceTree = "<group>"; };
/* End PBXFileReference section */

/* Begin PBXFrameworksBuildPhase section */
		650EED9019EFEF8600CFB662 /* Frameworks */ = {
			isa = PBXFrameworksBuildPhase;
			buildActionMask = 2147483647;
			files = (
			);
			runOnlyForDeploymentPostprocessing = 0;
		};
/* End PBXFrameworksBuildPhase section */

/* Begin PBXGroup section */
		650EED8A19EFEF8600CFB662 = {
			isa = PBXGroup;
			children = (
				650EED9519EFEF8600CFB662 /* ListasEjercicio1 */,
				650EED9419EFEF8600CFB662 /* Products */,
			);
			sourceTree = "<group>";
		};
		650EED9419EFEF8600CFB662 /* Products */ = {
			isa = PBXGroup;
			children = (
				650EED9319EFEF8600CFB662 /* ListasEjercicio1 */,
			);
			name = Products;
			sourceTree = "<group>";
		};
		650EED9519EFEF8600CFB662 /* ListasEjercicio1 */ = {
			isa = PBXGroup;
			children = (
				650EED9619EFEF8600CFB662 /* main.cpp */,
				650EED9D19EFF27200CFB662 /* Pila.cpp */,
				650EED9E19EFF27200CFB662 /* Pila.h */,
				650EEDA019EFF9ED00CFB662 /* Persona.cpp */,
				650EEDA119EFF9ED00CFB662 /* Persona.h */,
				650EEDA319EFFA0000CFB662 /* Transaccion.cpp */,
				650EEDA419EFFA0000CFB662 /* Transaccion.h */,
				650EEDA619EFFCC600CFB662 /* ListaEnlazada.cpp */,
				650EEDA719EFFCC600CFB662 /* ListaEnlazada.h */,
				650EEDA919EFFCD300CFB662 /* Nodo.cpp */,
				650EEDAA19EFFCD300CFB662 /* Nodo.h */,
				650EEDAC19EFFD0100CFB662 /* Cola.cpp */,
				650EEDAD19EFFD0100CFB662 /* Cola.h */,
			);
			path = ListasEjercicio1;
			sourceTree = "<group>";
		};
/* End PBXGroup section */

/* Begin PBXNativeTarget section */
		650EED9219EFEF8600CFB662 /* ListasEjercicio1 */ = {
			isa = PBXNativeTarget;
			buildConfigurationList = 650EED9A19EFEF8600CFB662 /* Build configuration list for PBXNativeTarget "ListasEjercicio1" */;
			buildPhases = (
				650EED8F19EFEF8600CFB662 /* Sources */,
				650EED9019EFEF8600CFB662 /* Frameworks */,
				650EED9119EFEF8600CFB662 /* CopyFiles */,
			);
			buildRules = (
			);
			dependencies = (
			);
			name = ListasEjercicio1;
			productName = ListasEjercicio1;
			productReference = 650EED9319EFEF8600CFB662 /* ListasEjercicio1 */;
			productType = "com.apple.product-type.tool";
		};
/* End PBXNativeTarget section */

/* Begin PBXProject section */
		650EED8B19EFEF8600CFB662 /* Project object */ = {
			isa = PBXProject;
			attributes = {
				LastUpgradeCheck = 0600;
				ORGANIZATIONNAME = Gotomo;
				TargetAttributes = {
					650EED9219EFEF8600CFB662 = {
						CreatedOnToolsVersion = 6.0.1;
					};
				};
			};
			buildConfigurationList = 650EED8E19EFEF8600CFB662 /* Build configuration list for PBXProject "ListasEjercicio1" */;
			compatibilityVersion = "Xcode 3.2";
			developmentRegion = English;
			hasScannedForEncodings = 0;
			knownRegions = (
				en,
			);
			mainGroup = 650EED8A19EFEF8600CFB662;
			productRefGroup = 650EED9419EFEF8600CFB662 /* Products */;
			projectDirPath = "";
			projectRoot = "";
			targets = (
				650EED9219EFEF8600CFB662 /* ListasEjercicio1 */,
			);
		};
/* End PBXProject section */

/* Begin PBXSourcesBuildPhase section */
		650EED8F19EFEF8600CFB662 /* Sources */ = {
			isa = PBXSourcesBuildPhase;
			buildActionMask = 2147483647;
			files = (
				650EEDAE19EFFD0100CFB662 /* Cola.cpp in Sources */,
				650EED9719EFEF8600CFB662 /* main.cpp in Sources */,
				650EEDA519EFFA0000CFB662 /* Transaccion.cpp in Sources */,
				650EED9F19EFF27200CFB662 /* Pila.cpp in Sources */,
				650EEDAB19EFFCD300CFB662 /* Nodo.cpp in Sources */,
				650EEDA819EFFCC600CFB662 /* ListaEnlazada.cpp in Sources */,
				650EEDA219EFF9ED00CFB662 /* Persona.cpp in Sources */,
			);
			runOnlyForDeploymentPostprocessing = 0;
		};
/* End PBXSourcesBuildPhase section */

/* Begin XCBuildConfiguration section */
		650EED9819EFEF8600CFB662 /* Debug */ = {
			isa = XCBuildConfiguration;
			buildSettings = {
				ALWAYS_SEARCH_USER_PATHS = NO;
				CLANG_CXX_LANGUAGE_STANDARD = "gnu++0x";
				CLANG_CXX_LIBRARY = "libc++";
				CLANG_ENABLE_MODULES = YES;
				CLANG_ENABLE_OBJC_ARC = YES;
				CLANG_WARN_BOOL_CONVERSION = YES;
				CLANG_WARN_CONSTANT_CONVERSION = YES;
				CLANG_WARN_DIRECT_OBJC_ISA_USAGE = YES_ERROR;
				CLANG_WARN_EMPTY_BODY = YES;
				CLANG_WARN_ENUM_CONVERSION = YES;
				CLANG_WARN_INT_CONVERSION = YES;
				CLANG_WARN_OBJC_ROOT_CLASS = YES_ERROR;
				CLANG_WARN_UNREACHABLE_CODE = YES;
				CLANG_WARN__DUPLICATE_METHOD_MATCH = YES;
				COPY_PHASE_STRIP = NO;
				ENABLE_STRICT_OBJC_MSGSEND = YES;
				GCC_C_LANGUAGE_STANDARD = gnu99;
				GCC_DYNAMIC_NO_PIC = NO;
				GCC_OPTIMIZATION_LEVEL = 0;
				GCC_PREPROCESSOR_DEFINITIONS = (
					"DEBUG=1",
					"$(inherited)",
				);
				GCC_SYMBOLS_PRIVATE_EXTERN = NO;
				GCC_WARN_64_TO_32_BIT_CONVERSION = YES;
				GCC_WARN_ABOUT_RETURN_TYPE = YES_ERROR;
				GCC_WARN_UNDECLARED_SELECTOR = YES;
				GCC_WARN_UNINITIALIZED_AUTOS = YES_AGGRESSIVE;
				GCC_WARN_UNUSED_FUNCTION = YES;
				GCC_WARN_UNUSED_VARIABLE = YES;
				MACOSX_DEPLOYMENT_TARGET = 10.9;
				MTL_ENABLE_DEBUG_INFO = YES;
				ONLY_ACTIVE_ARCH = YES;
				SDKROOT = macosx;
			};
			name = Debug;
		};
		650EED9919EFEF8600CFB662 /* Release */ = {
			isa = XCBuildConfiguration;
			buildSettings = {
				ALWAYS_SEARCH_USER_PATHS = NO;
				CLANG_CXX_LANGUAGE_STANDARD = "gnu++0x";
				CLANG_CXX_LIBRARY = "libc++";
				CLANG_ENABLE_MODULES = YES;
				CLANG_ENABLE_OBJC_ARC = YES;
				CLANG_WARN_BOOL_CONVERSION = YES;
				CLANG_WARN_CONSTANT_CONVERSION = YES;
				CLANG_WARN_DIRECT_OBJC_ISA_USAGE = YES_ERROR;
				CLANG_WARN_EMPTY_BODY = YES;
				CLANG_WARN_ENUM_CONVERSION = YES;
				CLANG_WARN_INT_CONVERSION = YES;
				CLANG_WARN_OBJC_ROOT_CLASS = YES_ERROR;
				CLANG_WARN_UNREACHABLE_CODE = YES;
				CLANG_WARN__DUPLICATE_METHOD_MATCH = YES;
				COPY_PHASE_STRIP = YES;
				DEBUG_INFORMATION_FORMAT = "dwarf-with-dsym";
				ENABLE_NS_ASSERTIONS = NO;
				ENABLE_STRICT_OBJC_MSGSEND = YES;
				GCC_C_LANGUAGE_STANDARD = gnu99;
				GCC_WARN_64_TO_32_BIT_CONVERSION = YES;
				GCC_WARN_ABOUT_RETURN_TYPE = YES_ERROR;
				GCC_WARN_UNDECLARED_SELECTOR = YES;
				GCC_WARN_UNINITIALIZED_AUTOS = YES_AGGRESSIVE;
				GCC_WARN_UNUSED_FUNCTION = YES;
				GCC_WARN_UNUSED_VARIABLE = YES;
				MACOSX_DEPLOYMENT_TARGET = 10.9;
				MTL_ENABLE_DEBUG_INFO = NO;
				SDKROOT = macosx;
			};
			name = Release;
		};
		650EED9B19EFEF8600CFB662 /* Debug */ = {
			isa = XCBuildConfiguration;
			buildSettings = {
				PRODUCT_NAME = "$(TARGET_NAME)";
			};
			name = Debug;
		};
		650EED9C19EFEF8600CFB662 /* Release */ = {
			isa = XCBuildConfiguration;
			buildSettings = {
				PRODUCT_NAME = "$(TARGET_NAME)";
			};
			name = Release;
		};
/* End XCBuildConfiguration section */

/* Begin XCConfigurationList section */
		650EED8E19EFEF8600CFB662 /* Build configuration list for PBXProject "ListasEjercicio1" */ = {
			isa = XCConfigurationList;
			buildConfigurations = (
				650EED9819EFEF8600CFB662 /* Debug */,
				650EED9919EFEF8600CFB662 /* Release */,
			);
			defaultConfigurationIsVisible = 0;
			defaultConfigurationName = Release;
		};
		650EED9A19EFEF8600CFB662 /* Build configuration list for PBXNativeTarget "ListasEjercicio1" */ = {
			isa = XCConfigurationList;
			buildConfigurations = (
				650EED9B19EFEF8600CFB662 /* Debug */,
				650EED9C19EFEF8600CFB662 /* Release */,
			);
			defaultConfigurationIsVisible = 0;
		};
/* End XCConfigurationList section */
	};
	rootObject = 650EED8B19EFEF8600CFB662 /* Project object */;
}
